
Microsoft Visual Studio Solution File, Format Version 12.00
# Visual Studio Version 16
VisualStudioVersion = 16.0.29926.136
MinimumVisualStudioVersion = 10.0.40219.1
Project("{FAE04EC0-301F-11D3-BF4B-00C04F79EFBC}") = "CasaDeCambio", "CasaDeCambio\CasaDeCambio.csproj", "{9751DE13-4976-4DE8-9FB0-681460343B2F}"
EndProject
Global
	GlobalSection(SolutionConfigurationPlatforms) = preSolution
		Debug|Any CPU = Debug|Any CPU
		Release|Any CPU = Release|Any CPU
	EndGlobalSection
	GlobalSection(ProjectConfigurationPlatforms) = postSolution
		{9751DE13-4976-4DE8-9FB0-681460343B2F}.Debug|Any CPU.ActiveCfg = Debug|Any CPU
		{9751DE13-4976-4DE8-9FB0-681460343B2F}.Debug|Any CPU.Build.0 = Debug|Any CPU
		{9751DE13-4976-4DE8-9FB0-681460343B2F}.Release|Any CPU.ActiveCfg = Release|Any CPU
		{9751DE13-4976-4DE8-9FB0-681460343B2F}.Release|Any CPU.Build.0 = Release|Any CPU
	EndGlobalSection
	GlobalSection(SolutionProperties) = preSolution
		HideSolutionNode = FALSE
	EndGlobalSection
	GlobalSection(ExtensibilityGlobals) = postSolution
		SolutionGuid = {85AE9F47-65F1-4687-A4CE-9B99C83BC599}
	EndGlobalSection
EndGlobal
